// !$*UTF8*$!
{
	archiveVersion = 1;
	classes = {
	};
	objectVersion = 77;
	objects = {

/* Begin PBXBuildFile section */
		506DD9F8303706B0001A3523 /* PasukiUI in Frameworks */ = {isa = PBXBuildFile; productRef = 9A6E3C2A4061A00100000001 /* PasukiUI */; };
/* End PBXBuildFile section */

/* Begin PBXContainerItemProxy section */
		50C536FE302F94340002EE51 /* PBXContainerItemProxy */ = {
			isa = PBXContainerItemProxy;
			containerPortal = 50C536E4302F94320002EE51 /* Project object */;
			proxyType = 1;
			remoteGlobalIDString = 50C536EB302F94320002EE51;
			remoteInfo = Elyra_Vita;
		};
		50C53708302F94340002EE51 /* PBXContainerItemProxy */ = {
			isa = PBXContainerItemProxy;
			containerPortal = 50C536E4302F94320002EE51 /* Project object */;
			proxyType = 1;
			remoteGlobalIDString = 50C536EB302F94320002EE51;
			remoteInfo = Elyra_Vita;
		};
/* End PBXContainerItemProxy section */

/* Begin PBXFileReference section */
		50C536EC302F94320002EE51 /* Elyra_Vita.app */ = {isa = PBXFileReference; explicitFileType = wrapper.application; includeInIndex = 0; path = Elyra_Vita.app; sourceTree = BUILT_PRODUCTS_DIR; };
		50C536FD302F94340002EE51 /* Elyra_VitaTests.xctest */ = {isa = PBXFileReference; explicitFileType = wrapper.cfbundle; includeInIndex = 0; path = Elyra_VitaTests.xctest; sourceTree = BUILT_PRODUCTS_DIR; };
		50C53707302F94340002EE51 /* Elyra_VitaUITests.xctest */ = {isa = PBXFileReference; explicitFileType = wrapper.cfbundle; includeInIndex = 0; path = Elyra_VitaUITests.xctest; sourceTree = BUILT_PRODUCTS_DIR; };
/* End PBXFileReference section */

/* Begin PBXFileSystemSynchronizedBuildFileExceptionSet section */
		50C5370F302F94340002EE51 /* Exceptions for "Elyra_Vita" folder in "Elyra_Vita" target */ = {
			isa = PBXFileSystemSynchronizedBuildFileExceptionSet;
			membershipExceptions = (
				Configuration/Info.plist,
			);
			target = 50C536EB302F94320002EE51 /* Elyra_Vita */;
		};
/* End PBXFileSystemSynchronizedBuildFileExceptionSet section */

/* Begin PBXFileSystemSynchronizedRootGroup section */
		50C536EE302F94320002EE51 /* Elyra_Vita */ = {
			isa = PBXFileSystemSynchronizedRootGroup;
			exceptions = (
				50C5370F302F94340002EE51 /* Exceptions for "Elyra_Vita" folder in "Elyra_Vita" target */,
			);
			path = Elyra_Vita;
			sourceTree = "<group>";
		};
		50C53700302F94340002EE51 /* Elyra_VitaTests */ = {
			isa = PBXFileSystemSynchronizedRootGroup;
			path = Elyra_VitaTests;
			sourceTree = "<group>";
		};
		50C5370A302F94340002EE51 /* Elyra_VitaUITests */ = {
			isa = PBXFileSystemSynchronizedRootGroup;
			path = Elyra_VitaUITests;
			sourceTree = "<group>";
		};
/* End PBXFileSystemSynchronizedRootGroup section */

/* Begin PBXFrameworksBuildPhase section */
		50C536E9302F94320002EE51 /* Frameworks */ = {
			isa = PBXFrameworksBuildPhase;
			buildActionMask = 2147483647;
			files = (
				506DD9F8303706B0001A3523 /* PasukiUI in Frameworks */,
			);
			runOnlyForDeploymentPostprocessing = 0;
		};
		50C536FA302F94340002EE51 /* Frameworks */ = {
			isa = PBXFrameworksBuildPhase;
			buildActionMask = 2147483647;
			files = (
			);
			runOnlyForDeploymentPostprocessing = 0;
		};
		50C53704302F94340002EE51 /* Frameworks */ = {
			isa = PBXFrameworksBuildPhase;
			buildActionMask = 2147483647;
			files = (
			);
			runOnlyForDeploymentPostprocessing = 0;
		};
/* End PBXFrameworksBuildPhase section */

/* Begin PBXGroup section */
		50C536E3302F94320002EE51 = {
			isa = PBXGroup;
			children = (
				50C536EE302F94320002EE51 /* Elyra_Vita */,
				50C53700302F94340002EE51 /* Elyra_VitaTests */,
				50C5370A302F94340002EE51 /* Elyra_VitaUITests */,
				50C536ED302F94320002EE51 /* Products */,
			);
			sourceTree = "<group>";
		};
		50C536ED302F94320002EE51 /* Products */ = {
			isa = PBXGroup;
			children = (
				50C536EC302F94320002EE51 /* Elyra_Vita.app */,
				50C536FD302F94340002EE51 /* Elyra_VitaTests.xctest */,
				50C53707302F94340002EE51 /* Elyra_VitaUITests.xctest */,
			);
			name = Products;
			sourceTree = "<group>";
		};
/* End PBXGroup section */

/* Begin PBXNativeTarget section */
		50C536EB302F94320002EE51 /* Elyra_Vita */ = {
			isa = PBXNativeTarget;
			buildConfigurationList = 50C53710302F94340002EE51 /* Build configuration list for PBXNativeTarget "Elyra_Vita" */;
			buildPhases = (
				50C536E8302F94320002EE51 /* Sources */,
				50C536E9302F94320002EE51 /* Frameworks */,
				50C536EA302F94320002EE51 /* Resources */,
			);
			buildRules = (
			);
			dependencies = (
			);
			fileSystemSynchronizedGroups = (
				50C536EE302F94320002EE51 /* Elyra_Vita */,
			);
			name = Elyra_Vita;
			packageProductDependencies = (
				9A6E3C2A4061A00100000001 /* PasukiUI */,
			);
			productName = Elyra_Vita;
			productReference = 50C536EC302F94320002EE51 /* Elyra_Vita.app */;
			productType = "com.apple.product-type.application";
		};
		50C536FC302F94340002EE51 /* Elyra_VitaTests */ = {
			isa = PBXNativeTarget;
			buildConfigurationList = 50C53715302F94340002EE51 /* Build configuration list for PBXNativeTarget "Elyra_VitaTests" */;
			buildPhases = (
				50C536F9302F94340002EE51 /* Sources */,
				50C536FA302F94340002EE51 /* Frameworks */,
				50C536FB302F94340002EE51 /* Resources */,
			);
			buildRules = (
			);
			dependencies = (
				50C536FF302F94340002EE51 /* PBXTargetDependency */,
			);
			fileSystemSynchronizedGroups = (
				50C53700302F94340002EE51 /* Elyra_VitaTests */,
			);
			name = Elyra_VitaTests;
			packageProductDependencies = (
			);
			productName = Elyra_VitaTests;
			productReference = 50C536FD302F94340002EE51 /* Elyra_VitaTests.xctest */;
			productType = "com.apple.product-type.bundle.unit-test";
		};
		50C53706302F94340002EE51 /* Elyra_VitaUITests */ = {
			isa = PBXNativeTarget;
			buildConfigurationList = 50C53718302F94340002EE51 /* Build configuration list for PBXNativeTarget "Elyra_VitaUITests" */;
			buildPhases = (
				50C53703302F94340002EE51 /* Sources */,
				50C53704302F94340002EE51 /* Frameworks */,
				50C53705302F94340002EE51 /* Resources */,
			);
			buildRules = (
			);
			dependencies = (
				50C53709302F94340002EE51 /* PBXTargetDependency */,
			);
			fileSystemSynchronizedGroups = (
				50C5370A302F94340002EE51 /* Elyra_VitaUITests */,
			);
			name = Elyra_VitaUITests;
			packageProductDependencies = (
			);
			productName = Elyra_VitaUITests;
			productReference = 50C53707302F94340002EE51 /* Elyra_VitaUITests.xctest */;
			productType = "com.apple.product-type.bundle.ui-testing";
		};
/* End PBXNativeTarget section */

/* Begin PBXProject section */
		50C536E4302F94320002EE51 /* Project object */ = {
			isa = PBXProject;
			attributes = {
				BuildIndependentTargetsInParallel = 1;
				LastSwiftUpdateCheck = 2660;
				LastUpgradeCheck = 2660;
				TargetAttributes = {
					50C536EB302F94320002EE51 = {
						CreatedOnToolsVersion = 26.6;
					};
					50C536FC302F94340002EE51 = {
						CreatedOnToolsVersion = 26.6;
						TestTargetID = 50C536EB302F94320002EE51;
					};
					50C53706302F94340002EE51 = {
						CreatedOnToolsVersion = 26.6;
						TestTargetID = 50C536EB302F94320002EE51;
					};
				};
			};
			buildConfigurationList = 50C536E7302F94320002EE51 /* Build configuration list for PBXProject "Elyra_Vita" */;
			developmentRegion = en;
			hasScannedForEncodings = 0;
			knownRegions = (
				en,
				Base,
			);
			mainGroup = 50C536E3302F94320002EE51;
			minimizedProjectReferenceProxies = 1;
			packageReferences = (
				9A6E3C2A4061A00200000001 /* XCLocalSwiftPackageReference "Packages/PasukiUI" */,
			);
			preferredProjectObjectVersion = 77;
			productRefGroup = 50C536ED302F94320002EE51 /* Products */;
			projectDirPath = "";
			projectRoot = "";
			targets = (
				50C536EB302F94320002EE51 /* Elyra_Vita */,
				50C536FC302F94340002EE51 /* Elyra_VitaTests */,
				50C53706302F94340002EE51 /* Elyra_VitaUITests */,
			);
		};
/* End PBXProject section */

/* Begin PBXResourcesBuildPhase section */
		50C536EA302F94320002EE51 /* Resources */ = {
			isa = PBXResourcesBuildPhase;
			buildActionMask = 2147483647;
			files = (
			);
			runOnlyForDeploymentPostprocessing = 0;
		};
		50C536FB302F94340002EE51 /* Resources */ = {
			isa = PBXResourcesBuildPhase;
			buildActionMask = 2147483647;
			files = (
			);
			runOnlyForDeploymentPostprocessing = 0;
		};
		50C53705302F94340002EE51 /* Resources */ = {
			isa = PBXResourcesBuildPhase;
			buildActionMask = 2147483647;
			files = (
			);
			runOnlyForDeploymentPostprocessing = 0;
		};
/* End PBXResourcesBuildPhase section */

/* Begin PBXSourcesBuildPhase section */
		50C536E8302F94320002EE51 /* Sources */ = {
			isa = PBXSourcesBuildPhase;
			buildActionMask = 2147483647;
			files = (
			);
			runOnlyForDeploymentPostprocessing = 0;
		};
		50C536F9302F94340002EE51 /* Sources */ = {
			isa = PBXSourcesBuildPhase;
			buildActionMask = 2147483647;
			files = (
			);
			runOnlyForDeploymentPostprocessing = 0;
		};
		50C53703302F94340002EE51 /* Sources */ = {
			isa = PBXSourcesBuildPhase;
			buildActionMask = 2147483647;
			files = (
			);
			runOnlyForDeploymentPostprocessing = 0;
		};
/* End PBXSourcesBuildPhase section */

/* Begin PBXTargetDependency section */
		50C536FF302F94340002EE51 /* PBXTargetDependency */ = {
			isa = PBXTargetDependency;
			target = 50C536EB302F94320002EE51 /* Elyra_Vita */;
			targetProxy = 50C536FE302F94340002EE51 /* PBXContainerItemProxy */;
		};
		50C53709302F94340002EE51 /* PBXTargetDependency */ = {
			isa = PBXTargetDependency;
			target = 50C536EB302F94320002EE51 /* Elyra_Vita */;
			targetProxy = 50C53708302F94340002EE51 /* PBXContainerItemProxy */;
		};
/* End PBXTargetDependency section */

/* Begin XCBuildConfiguration section */
		50C53711302F94340002EE51 /* Debug */ = {
			isa = XCBuildConfiguration;
			buildSettings = {
				ASSETCATALOG_COMPILER_APPICON_NAME = AppIcon;
				ASSETCATALOG_COMPILER_GLOBAL_ACCENT_COLOR_NAME = AccentColor;
				CODE_SIGN_ENTITLEMENTS = Elyra_Vita/Configuration/Elyra_Vita.entitlements;
				CODE_SIGN_STYLE = Automatic;
				CURRENT_PROJECT_VERSION = 1;
				DEVELOPMENT_TEAM = N56UYFA4DD;
				ENABLE_PREVIEWS = YES;
				GENERATE_INFOPLIST_FILE = YES;
				INFOPLIST_FILE = Elyra_Vita/Configuration/Info.plist;
				INFOPLIST_KEY_UIApplicationSceneManifest_Generation = YES;
				INFOPLIST_KEY_UIApplicationSupportsIndirectInputEvents = YES;
				INFOPLIST_KEY_UILaunchScreen_Generation = YES;
				INFOPLIST_KEY_UIStatusBarStyle = "";
				INFOPLIST_KEY_UISupportedInterfaceOrientations = "UIInterfaceOrientationPortrait UIInterfaceOrientationPortraitUpsideDown";
				INFOPLIST_KEY_UISupportedInterfaceOrientations_iPad = "UIInterfaceOrientationLandscapeLeft UIInterfaceOrientationLandscapeRight UIInterfaceOrientationPortrait UIInterfaceOrientationPortraitUpsideDown";
				IPHONEOS_DEPLOYMENT_TARGET = 18.6;
				LD_RUNPATH_SEARCH_PATHS = (
					"$(inherited)",
					"@executable_path/Frameworks",
				);
				MARKETING_VERSION = 1.0;
				PRODUCT_BUNDLE_IDENTIFIER = "de.pasukistudio.elyra-vita";
				PRODUCT_NAME = "$(TARGET_NAME)";
				STRING_CATALOG_GENERATE_SYMBOLS = YES;
				SUPPORTED_PLATFORMS = "iphoneos iphonesimulator";
				SUPPORTS_MACCATALYST = NO;
				SUPPORTS_MAC_DESIGNED_FOR_IPHONE_IPAD = NO;
				SUPPORTS_XR_DESIGNED_FOR_IPHONE_IPAD = NO;
				SWIFT_APPROACHABLE_CONCURRENCY = YES;
				SWIFT_DEFAULT_ACTOR_ISOLATION = MainActor;
				SWIFT_EMIT_LOC_STRINGS = YES;
				SWIFT_UPCOMING_FEATURE_MEMBER_IMPORT_VISIBILITY = YES;
				SWIFT_VERSION = 5.0;
				TARGETED_DEVICE_FAMILY = 1;
			};
			name = Debug;
		};
		50C53712302F94340002EE51 /* Release */ = {
			isa = XCBuildConfiguration;
			buildSettings = {
				ASSETCATALOG_COMPILER_APPICON_NAME = AppIcon;
				ASSETCATALOG_COMPILER_GLOBAL_ACCENT_COLOR_NAME = AccentColor;
				CODE_SIGN_ENTITLEMENTS = Elyra_Vita/Configuration/Elyra_Vita.entitlements;
				CODE_SIGN_STYLE = Automatic;
				CURRENT_PROJECT_VERSION = 1;
				DEVELOPMENT_TEAM = N56UYFA4DD;
				ENABLE_PREVIEWS = YES;
				GENERATE_INFOPLIST_FILE = YES;
				INFOPLIST_FILE = Elyra_Vita/Configuration/Info.plist;
				INFOPLIST_KEY_UIApplicationSceneManifest_Generation = YES;
				INFOPLIST_KEY_UIApplicationSupportsIndirectInputEvents = YES;
				INFOPLIST_KEY_UILaunchScreen_Generation = YES;
				INFOPLIST_KEY_UIStatusBarStyle = "";
				INFOPLIST_KEY_UISupportedInterfaceOrientations = "UIInterfaceOrientationPortrait UIInterfaceOrientationPortraitUpsideDown";
				INFOPLIST_KEY_UISupportedInterfaceOrientations_iPad = "UIInterfaceOrientationLandscapeLeft UIInterfaceOrientationLandscapeRight UIInterfaceOrientationPortrait UIInterfaceOrientationPortraitUpsideDown";
				IPHONEOS_DEPLOYMENT_TARGET = 18.6;
				LD_RUNPATH_SEARCH_PATHS = (
					"$(inherited)",
					"@executable_path/Frameworks",
				);
				MARKETING_VERSION = 1.0;
				PRODUCT_BUNDLE_IDENTIFIER = "de.pasukistudio.elyra-vita";
				PRODUCT_NAME = "$(TARGET_NAME)";
				STRING_CATALOG_GENERATE_SYMBOLS = YES;
				SUPPORTED_PLATFORMS = "iphoneos iphonesimulator";
				SUPPORTS_MACCATALYST = NO;
				SUPPORTS_MAC_DESIGNED_FOR_IPHONE_IPAD = NO;
				SUPPORTS_XR_DESIGNED_FOR_IPHONE_IPAD = NO;
				SWIFT_APPROACHABLE_CONCURRENCY = YES;
				SWIFT_DEFAULT_ACTOR_ISOLATION = MainActor;
				SWIFT_EMIT_LOC_STRINGS = YES;
				SWIFT_UPCOMING_FEATURE_MEMBER_IMPORT_VISIBILITY = YES;
				SWIFT_VERSION = 5.0;
				TARGETED_DEVICE_FAMILY = 1;
			};
			name = Release;
		};
		50C53713302F94340002EE51 /* Debug */ = {
			isa = XCBuildConfiguration;
			buildSettings = {
				ALWAYS_SEARCH_USER_PATHS = NO;
				ASSETCATALOG_COMPILER_GENERATE_SWIFT_ASSET_SYMBOL_EXTENSIONS = YES;
				CLANG_ANALYZER_NONNULL = YES;
				CLANG_ANALYZER_NUMBER_OBJECT_CONVERSION = YES_AGGRESSIVE;
				CLANG_CXX_LANGUAGE_STANDARD = "gnu++20";
				CLANG_ENABLE_MODULES = YES;
				CLANG_ENABLE_OBJC_ARC = YES;
				CLANG_ENABLE_OBJC_WEAK = YES;
				CLANG_WARN_BLOCK_CAPTURE_AUTORELEASING = YES;
				CLANG_WARN_BOOL_CONVERSION = YES;
				CLANG_WARN_COMMA = YES;
				CLANG_WARN_CONSTANT_CONVERSION = YES;
				CLANG_WARN_DEPRECATED_OBJC_IMPLEMENTATIONS = YES;
				CLANG_WARN_DIRECT_OBJC_ISA_USAGE = YES_ERROR;
				CLANG_WARN_DOCUMENTATION_COMMENTS = YES;
				CLANG_WARN_EMPTY_BODY = YES;
				CLANG_WARN_ENUM_CONVERSION = YES;
				CLANG_WARN_INFINITE_RECURSION = YES;
				CLANG_WARN_INT_CONVERSION = YES;
				CLANG_WARN_NON_LITERAL_NULL_CONVERSION = YES;
				CLANG_WARN_OBJC_IMPLICIT_RETAIN_SELF = YES;
				CLANG_WARN_OBJC_LITERAL_CONVERSION = YES;
				CLANG_WARN_OBJC_ROOT_CLASS = YES_ERROR;
				CLANG_WARN_QUOTED_INCLUDE_IN_FRAMEWORK_HEADER = YES;
				CLANG_WARN_RANGE_LOOP_ANALYSIS = YES;
				CLANG_WARN_STRICT_PROTOTYPES = YES;
				CLANG_WARN_SUSPICIOUS_MOVE = YES;
				CLANG_WARN_UNGUARDED_AVAILABILITY = YES_AGGRESSIVE;
				CLANG_WARN_UNREACHABLE_CODE = YES;
				CLANG_WARN__DUPLICATE_METHOD_MATCH = YES;
				COPY_PHASE_STRIP = NO;
				DEBUG_INFORMATION_FORMAT = dwarf;
				DEVELOPMENT_TEAM = N56UYFA4DD;
				ENABLE_STRICT_OBJC_MSGSEND = YES;
				ENABLE_TESTABILITY = YES;
				ENABLE_USER_SCRIPT_SANDBOXING = YES;
				GCC_C_LANGUAGE_STANDARD = gnu17;
				GCC_DYNAMIC_NO_PIC = NO;
				GCC_NO_COMMON_BLOCKS = YES;
				GCC_OPTIMIZATION_LEVEL = 0;
				GCC_PREPROCESSOR_DEFINITIONS = (
					"DEBUG=1",
					"$(inherited)",
				);
				GCC_WARN_64_TO_32_BIT_CONVERSION = YES;
				GCC_WARN_ABOUT_RETURN_TYPE = YES_ERROR;
				GCC_WARN_UNDECLARED_SELECTOR = YES;
				GCC_WARN_UNINITIALIZED_AUTOS = YES_AGGRESSIVE;
				GCC_WARN_UNUSED_FUNCTION = YES;
				GCC_WARN_UNUSED_VARIABLE = YES;
				IPHONEOS_DEPLOYMENT_TARGET = 26.5;
				LOCALIZATION_PREFERS_STRING_CATALOGS = YES;
				MTL_ENABLE_DEBUG_INFO = INCLUDE_SOURCE;
				MTL_FAST_MATH = YES;
				ONLY_ACTIVE_ARCH = YES;
				SDKROOT = iphoneos;
				STRING_CATALOG_GENERATE_SYMBOLS = YES;
				SWIFT_ACTIVE_COMPILATION_CONDITIONS = "DEBUG $(inherited)";
				SWIFT_OPTIMIZATION_LEVEL = "-Onone";
			};
			name = Debug;
		};
		50C53714302F94340002EE51 /* Release */ = {
			isa = XCBuildConfiguration;
			buildSettings = {
				ALWAYS_SEARCH_USER_PATHS = NO;
				ASSETCATALOG_COMPILER_GENERATE_SWIFT_ASSET_SYMBOL_EXTENSIONS = YES;
				CLANG_ANALYZER_NONNULL = YES;
				CLANG_ANALYZER_NUMBER_OBJECT_CONVERSION = YES_AGGRESSIVE;
				CLANG_CXX_LANGUAGE_STANDARD = "gnu++20";
				CLANG_ENABLE_MODULES = YES;
				CLANG_ENABLE_OBJC_ARC = YES;
				CLANG_ENABLE_OBJC_WEAK = YES;
				CLANG_WARN_BLOCK_CAPTURE_AUTORELEASING = YES;
				CLANG_WARN_BOOL_CONVERSION = YES;
				CLANG_WARN_COMMA = YES;
				CLANG_WARN_CONSTANT_CONVERSION = YES;
				CLANG_WARN_DEPRECATED_OBJC_IMPLEMENTATIONS = YES;
				CLANG_WARN_DIRECT_OBJC_ISA_USAGE = YES_ERROR;
				CLANG_WARN_DOCUMENTATION_COMMENTS = YES;
				CLANG_WARN_EMPTY_BODY = YES;
				CLANG_WARN_ENUM_CONVERSION = YES;
				CLANG_WARN_INFINITE_RECURSION = YES;
				CLANG_WARN_INT_CONVERSION = YES;
				CLANG_WARN_NON_LITERAL_NULL_CONVERSION = YES;
				CLANG_WARN_OBJC_IMPLICIT_RETAIN_SELF = YES;
				CLANG_WARN_OBJC_LITERAL_CONVERSION = YES;
				CLANG_WARN_OBJC_ROOT_CLASS = YES_ERROR;
				CLANG_WARN_QUOTED_INCLUDE_IN_FRAMEWORK_HEADER = YES;
				CLANG_WARN_RANGE_LOOP_ANALYSIS = YES;
				CLANG_WARN_STRICT_PROTOTYPES = YES;
				CLANG_WARN_SUSPICIOUS_MOVE = YES;
				CLANG_WARN_UNGUARDED_AVAILABILITY = YES_AGGRESSIVE;
				CLANG_WARN_UNREACHABLE_CODE = YES;
				CLANG_WARN__DUPLICATE_METHOD_MATCH = YES;
				COPY_PHASE_STRIP = NO;
				DEBUG_INFORMATION_FORMAT = "dwarf-with-dsym";
				DEVELOPMENT_TEAM = N56UYFA4DD;
				ENABLE_NS_ASSERTIONS = NO;
				ENABLE_STRICT_OBJC_MSGSEND = YES;
				ENABLE_USER_SCRIPT_SANDBOXING = YES;
				GCC_C_LANGUAGE_STANDARD = gnu17;
				GCC_NO_COMMON_BLOCKS = YES;
				GCC_WARN_64_TO_32_BIT_CONVERSION = YES;
				GCC_WARN_ABOUT_RETURN_TYPE = YES_ERROR;
				GCC_WARN_UNDECLARED_SELECTOR = YES;
				GCC_WARN_UNINITIALIZED_AUTOS = YES_AGGRESSIVE;
				GCC_WARN_UNUSED_FUNCTION = YES;
				GCC_WARN_UNUSED_VARIABLE = YES;
				IPHONEOS_DEPLOYMENT_TARGET = 26.5;
				LOCALIZATION_PREFERS_STRING_CATALOGS = YES;
				MTL_ENABLE_DEBUG_INFO = NO;
				MTL_FAST_MATH = YES;
				SDKROOT = iphoneos;
				STRING_CATALOG_GENERATE_SYMBOLS = YES;
				SWIFT_COMPILATION_MODE = wholemodule;
				VALIDATE_PRODUCT = YES;
			};
			name = Release;
		};
		50C53716302F94340002EE51 /* Debug */ = {
			isa = XCBuildConfiguration;
			buildSettings = {
				BUNDLE_LOADER = "$(TEST_HOST)";
				CODE_SIGN_STYLE = Automatic;
				CURRENT_PROJECT_VERSION = 1;
				DEVELOPMENT_TEAM = N56UYFA4DD;
				GENERATE_INFOPLIST_FILE = YES;
				IPHONEOS_DEPLOYMENT_TARGET = 26.5;
				MARKETING_VERSION = 1.0;
				PRODUCT_BUNDLE_IDENTIFIER = "de.pasukistudio.elyra-vitaTests";
				PRODUCT_NAME = "$(TARGET_NAME)";
				STRING_CATALOG_GENERATE_SYMBOLS = NO;
				SWIFT_APPROACHABLE_CONCURRENCY = YES;
				SWIFT_EMIT_LOC_STRINGS = NO;
				SWIFT_UPCOMING_FEATURE_MEMBER_IMPORT_VISIBILITY = YES;
				SWIFT_VERSION = 5.0;
				TARGETED_DEVICE_FAMILY = "1,2";
				TEST_HOST = "$(BUILT_PRODUCTS_DIR)/Elyra_Vita.app/$(BUNDLE_EXECUTABLE_FOLDER_PATH)/Elyra_Vita";
			};
			name = Debug;
		};
		50C53717302F94340002EE51 /* Release */ = {
			isa = XCBuildConfiguration;
			buildSettings = {
				BUNDLE_LOADER = "$(TEST_HOST)";
				CODE_SIGN_STYLE = Automatic;
				CURRENT_PROJECT_VERSION = 1;
				DEVELOPMENT_TEAM = N56UYFA4DD;
				GENERATE_INFOPLIST_FILE = YES;
				IPHONEOS_DEPLOYMENT_TARGET = 26.5;
				MARKETING_VERSION = 1.0;
				PRODUCT_BUNDLE_IDENTIFIER = "de.pasukistudio.elyra-vitaTests";
				PRODUCT_NAME = "$(TARGET_NAME)";
				STRING_CATALOG_GENERATE_SYMBOLS = NO;
				SWIFT_APPROACHABLE_CONCURRENCY = YES;
				SWIFT_EMIT_LOC_STRINGS = NO;
				SWIFT_UPCOMING_FEATURE_MEMBER_IMPORT_VISIBILITY = YES;
				SWIFT_VERSION = 5.0;
				TARGETED_DEVICE_FAMILY = "1,2";
				TEST_HOST = "$(BUILT_PRODUCTS_DIR)/Elyra_Vita.app/$(BUNDLE_EXECUTABLE_FOLDER_PATH)/Elyra_Vita";
			};
			name = Release;
		};
		50C53719302F94340002EE51 /* Debug */ = {
			isa = XCBuildConfiguration;
			buildSettings = {
				CODE_SIGN_STYLE = Automatic;
				CURRENT_PROJECT_VERSION = 1;
				DEVELOPMENT_TEAM = N56UYFA4DD;
				GENERATE_INFOPLIST_FILE = YES;
				MARKETING_VERSION = 1.0;
				PRODUCT_BUNDLE_IDENTIFIER = "de.pasukistudio.elyra-vitaUITests";
				PRODUCT_NAME = "$(TARGET_NAME)";
				STRING_CATALOG_GENERATE_SYMBOLS = NO;
				SWIFT_APPROACHABLE_CONCURRENCY = YES;
				SWIFT_EMIT_LOC_STRINGS = NO;
				SWIFT_UPCOMING_FEATURE_MEMBER_IMPORT_VISIBILITY = YES;
				SWIFT_VERSION = 5.0;
				TARGETED_DEVICE_FAMILY = "1,2";
				TEST_TARGET_NAME = Elyra_Vita;
			};
			name = Debug;
		};
		50C5371A302F94340002EE51 /* Release */ = {
			isa = XCBuildConfiguration;
			buildSettings = {
				CODE_SIGN_STYLE = Automatic;
				CURRENT_PROJECT_VERSION = 1;
				DEVELOPMENT_TEAM = N56UYFA4DD;
				GENERATE_INFOPLIST_FILE = YES;
				MARKETING_VERSION = 1.0;
				PRODUCT_BUNDLE_IDENTIFIER = "de.pasukistudio.elyra-vitaUITests";
				PRODUCT_NAME = "$(TARGET_NAME)";
				STRING_CATALOG_GENERATE_SYMBOLS = NO;
				SWIFT_APPROACHABLE_CONCURRENCY = YES;
				SWIFT_EMIT_LOC_STRINGS = NO;
				SWIFT_UPCOMING_FEATURE_MEMBER_IMPORT_VISIBILITY = YES;
				SWIFT_VERSION = 5.0;
				TARGETED_DEVICE_FAMILY = "1,2";
				TEST_TARGET_NAME = Elyra_Vita;
			};
			name = Release;
		};
/* End XCBuildConfiguration section */

/* Begin XCConfigurationList section */
		50C536E7302F94320002EE51 /* Build configuration list for PBXProject "Elyra_Vita" */ = {
			isa = XCConfigurationList;
			buildConfigurations = (
				50C53713302F94340002EE51 /* Debug */,
				50C53714302F94340002EE51 /* Release */,
			);
			defaultConfigurationIsVisible = 0;
			defaultConfigurationName = Release;
		};
		50C53710302F94340002EE51 /* Build configuration list for PBXNativeTarget "Elyra_Vita" */ = {
			isa = XCConfigurationList;
			buildConfigurations = (
				50C53711302F94340002EE51 /* Debug */,
				50C53712302F94340002EE51 /* Release */,
			);
			defaultConfigurationIsVisible = 0;
			defaultConfigurationName = Release;
		};
		50C53715302F94340002EE51 /* Build configuration list for PBXNativeTarget "Elyra_VitaTests" */ = {
			isa = XCConfigurationList;
			buildConfigurations = (
				50C53716302F94340002EE51 /* Debug */,
				50C53717302F94340002EE51 /* Release */,
			);
			defaultConfigurationIsVisible = 0;
			defaultConfigurationName = Release;
		};
		50C53718302F94340002EE51 /* Build configuration list for PBXNativeTarget "Elyra_VitaUITests" */ = {
			isa = XCConfigurationList;
			buildConfigurations = (
				50C53719302F94340002EE51 /* Debug */,
				50C5371A302F94340002EE51 /* Release */,
			);
			defaultConfigurationIsVisible = 0;
			defaultConfigurationName = Release;
		};
/* End XCConfigurationList section */

/* Begin XCLocalSwiftPackageReference section */
		9A6E3C2A4061A00200000001 /* XCLocalSwiftPackageReference "Packages/PasukiUI" */ = {
			isa = XCLocalSwiftPackageReference;
			relativePath = Packages/PasukiUI;
		};
/* End XCLocalSwiftPackageReference section */

/* Begin XCSwiftPackageProductDependency section */
		9A6E3C2A4061A00100000001 /* PasukiUI */ = {
			isa = XCSwiftPackageProductDependency;
			package = 9A6E3C2A4061A00200000001 /* XCLocalSwiftPackageReference "Packages/PasukiUI" */;
			productName = PasukiUI;
		};
/* End XCSwiftPackageProductDependency section */
	};
	rootObject = 50C536E4302F94320002EE51 /* Project object */;
}
